
Microsoft Visual Studio Solution File, Format Version 12.00
# Visual Studio Version 17
VisualStudioVersion = 17.7.34031.279
MinimumVisualStudioVersion = 10.0.40219.1
Project("{9A19103F-16F7-4668-BE54-9A1E7A4F7556}") = "ABCofRealEstate.Data.Models", "ABCofRealEstate.Data.Models\ABCofRealEstate.Data.Models.csproj", "{6FEDEA94-81D8-4845-86A5-5BDFD739C498}"
EndProject
Project("{2150E333-8FDC-42A3-9474-1A3956D46DE8}") = "Data", "Data", "{5A8D66B3-74E0-47B9-89B7-DE7F32CFB133}"
EndProject
Project("{9A19103F-16F7-4668-BE54-9A1E7A4F7556}") = "ABCofRealEstate.DataBaseContext", "ABCofRealEstate.DataBaseContext\ABCofRealEstate.DataBaseContext.csproj", "{DDB99C1D-AD13-4B35-B31E-E6BB3AC6E1CD}"
EndProject
Project("{9A19103F-16F7-4668-BE54-9A1E7A4F7556}") = "ABCofRealEstate.Data.Enums", "ABCofRealEstate.Data.Enums\ABCofRealEstate.Data.Enums.csproj", "{7C4F7B69-DD53-4753-904D-0A147BD73A1C}"
EndProject
Project("{9A19103F-16F7-4668-BE54-9A1E7A4F7556}") = "ABCofRealEstate.Services", "ABCofRealEstate.Services\ABCofRealEstate.Services.csproj", "{B2229CE7-300A-4735-A196-CC230E6F998B}"
EndProject
Project("{2150E333-8FDC-42A3-9474-1A3956D46DE8}") = "API", "API", "{FCD9E897-7C41-4F22-8300-42418C23B8C8}"
EndProject
Project("{9A19103F-16F7-4668-BE54-9A1E7A4F7556}") = "ABCofRealEstate.WebApi", "ABCofRealEstate.WebApi\ABCofRealEstate.WebApi.csproj", "{BD7A06DF-2D40-41B7-8FFD-5B15F3F09F3E}"
EndProject
Project("{9A19103F-16F7-4668-BE54-9A1E7A4F7556}") = "ABCofRealEstate.Service.Tests", "ABCofRealEstate.Service.Tests\ABCofRealEstate.Service.Tests.csproj", "{75E657FE-B256-4D93-BBAF-CEEE1E01CD12}"
EndProject
Project("{2150E333-8FDC-42A3-9474-1A3956D46DE8}") = "Solution Items", "Solution Items", "{039ABE4A-D8E9-4DFB-9676-FA06FBC71BB9}"
	ProjectSection(SolutionItems) = preProject
		docker-compose.yml = docker-compose.yml
	EndProjectSection
EndProject
Global
	GlobalSection(SolutionConfigurationPlatforms) = preSolution
		Debug|Any CPU = Debug|Any CPU
		Release|Any CPU = Release|Any CPU
	EndGlobalSection
	GlobalSection(ProjectConfigurationPlatforms) = postSolution
		{6FEDEA94-81D8-4845-86A5-5BDFD739C498}.Debug|Any CPU.ActiveCfg = Debug|Any CPU
		{6FEDEA94-81D8-4845-86A5-5BDFD739C498}.Debug|Any CPU.Build.0 = Debug|Any CPU
		{6FEDEA94-81D8-4845-86A5-5BDFD739C498}.Release|Any CPU.ActiveCfg = Release|Any CPU
		{6FEDEA94-81D8-4845-86A5-5BDFD739C498}.Release|Any CPU.Build.0 = Release|Any CPU
		{DDB99C1D-AD13-4B35-B31E-E6BB3AC6E1CD}.Debug|Any CPU.ActiveCfg = Debug|Any CPU
		{DDB99C1D-AD13-4B35-B31E-E6BB3AC6E1CD}.Debug|Any CPU.Build.0 = Debug|Any CPU
		{DDB99C1D-AD13-4B35-B31E-E6BB3AC6E1CD}.Release|Any CPU.ActiveCfg = Release|Any CPU
		{DDB99C1D-AD13-4B35-B31E-E6BB3AC6E1CD}.Release|Any CPU.Build.0 = Release|Any CPU
		{7C4F7B69-DD53-4753-904D-0A147BD73A1C}.Debug|Any CPU.ActiveCfg = Debug|Any CPU
		{7C4F7B69-DD53-4753-904D-0A147BD73A1C}.Debug|Any CPU.Build.0 = Debug|Any CPU
		{7C4F7B69-DD53-4753-904D-0A147BD73A1C}.Release|Any CPU.ActiveCfg = Release|Any CPU
		{7C4F7B69-DD53-4753-904D-0A147BD73A1C}.Release|Any CPU.Build.0 = Release|Any CPU
		{B2229CE7-300A-4735-A196-CC230E6F998B}.Debug|Any CPU.ActiveCfg = Debug|Any CPU
		{B2229CE7-300A-4735-A196-CC230E6F998B}.Debug|Any CPU.Build.0 = Debug|Any CPU
		{B2229CE7-300A-4735-A196-CC230E6F998B}.Release|Any CPU.ActiveCfg = Release|Any CPU
		{B2229CE7-300A-4735-A196-CC230E6F998B}.Release|Any CPU.Build.0 = Release|Any CPU
		{BD7A06DF-2D40-41B7-8FFD-5B15F3F09F3E}.Debug|Any CPU.ActiveCfg = Debug|Any CPU
		{BD7A06DF-2D40-41B7-8FFD-5B15F3F09F3E}.Debug|Any CPU.Build.0 = Debug|Any CPU
		{BD7A06DF-2D40-41B7-8FFD-5B15F3F09F3E}.Release|Any CPU.ActiveCfg = Release|Any CPU
		{BD7A06DF-2D40-41B7-8FFD-5B15F3F09F3E}.Release|Any CPU.Build.0 = Release|Any CPU
		{75E657FE-B256-4D93-BBAF-CEEE1E01CD12}.Debug|Any CPU.ActiveCfg = Debug|Any CPU
		{75E657FE-B256-4D93-BBAF-CEEE1E01CD12}.Debug|Any CPU.Build.0 = Debug|Any CPU
		{75E657FE-B256-4D93-BBAF-CEEE1E01CD12}.Release|Any CPU.ActiveCfg = Release|Any CPU
		{75E657FE-B256-4D93-BBAF-CEEE1E01CD12}.Release|Any CPU.Build.0 = Release|Any CPU
	EndGlobalSection
	GlobalSection(SolutionProperties) = preSolution
		HideSolutionNode = FALSE
	EndGlobalSection
	GlobalSection(NestedProjects) = preSolution
		{6FEDEA94-81D8-4845-86A5-5BDFD739C498} = {5A8D66B3-74E0-47B9-89B7-DE7F32CFB133}
		{7C4F7B69-DD53-4753-904D-0A147BD73A1C} = {5A8D66B3-74E0-47B9-89B7-DE7F32CFB133}
		{BD7A06DF-2D40-41B7-8FFD-5B15F3F09F3E} = {FCD9E897-7C41-4F22-8300-42418C23B8C8}
	EndGlobalSection
	GlobalSection(ExtensibilityGlobals) = postSolution
		SolutionGuid = {77F2DDCF-66DF-4071-824C-5DEC8CC94311}
	EndGlobalSection
EndGlobal
